# This file is automatically @generated by Cargo.
# It is not intended for manual editing.
[[package]]
name = "alloc-traits"
version = "0.1.1"
source = "registry+https://github.com/rust-lang/crates.io-index"
checksum = "6b2d54853319fd101b8dd81de382bcbf3e03410a64d8928bbee85a3e7dcde483"

[[package]]
name = "autocfg"
version = "1.0.1"
source = "registry+https://github.com/rust-lang/crates.io-index"
checksum = "cdb031dd78e28731d87d56cc8ffef4a8f36ca26c38fe2de700543e627f8a464a"

[[package]]
name = "cassette"
version = "0.2.2"
source = "registry+https://github.com/rust-lang/crates.io-index"
checksum = "bd557cde2b9db2e56738c4eca38e8cd83f401b544be6228c43312a907560d0dc"

[[package]]
name = "once_cell"
version = "1.7.2"
source = "registry+https://github.com/rust-lang/crates.io-index"
checksum = "af8b08b04175473088b46763e51ee54da5f9a164bc162f615b91bc179dbf15a3"

[[package]]
name = "static-alloc"
version = "0.2.2"
source = "registry+https://github.com/rust-lang/crates.io-index"
checksum = "2669c50bd55e5451cd0dba9d05641955e8c1d55cbd65c5f415aedb2158648ed2"
dependencies = [
 "alloc-traits",
]

[[package]]
name = "static-cassette"
version = "0.1.0"
dependencies = [
 "cassette",
 "once_cell",
 "static-alloc",
 "unsize",
]

[[package]]
name = "unsize"
version = "1.1.0"
source = "registry+https://github.com/rust-lang/crates.io-index"
checksum = "4fa7a7a734c1a5664a662ddcea0b6c9472a21da8888c957c7f1eaa09dba7a939"
dependencies = [
 "autocfg",
]
